// !$*UTF8*$!
{
	archiveVersion = 1;
	classes = {
	};
	objectVersion = 56;
	objects = {

/* Begin PBXBuildFile section */
		01581E242A6EBC9C005DB0BA /* LocationSearchArchvationView.swift in Sources */ = {isa = PBXBuildFile; fileRef = 01581E232A6EBC9C005DB0BA /* LocationSearchArchvationView.swift */; };
		01581E282A6EBE23005DB0BA /* MapViewActionButton.swift in Sources */ = {isa = PBXBuildFile; fileRef = 01581E272A6EBE23005DB0BA /* MapViewActionButton.swift */; };
		01581E2B2A6EC031005DB0BA /* LocationSearchView.swift in Sources */ = {isa = PBXBuildFile; fileRef = 01581E2A2A6EC031005DB0BA /* LocationSearchView.swift */; };
		01581E2F2A6EE461005DB0BA /* LocationSearchCell.swift in Sources */ = {isa = PBXBuildFile; fileRef = 01581E2E2A6EE461005DB0BA /* LocationSearchCell.swift */; };
		01581E322A6EEA34005DB0BA /* LocationSearchViewModel.swift in Sources */ = {isa = PBXBuildFile; fileRef = 01581E312A6EEA34005DB0BA /* LocationSearchViewModel.swift */; };
		01581E342A6FBE7B005DB0BA /* MapViewStat.swift in Sources */ = {isa = PBXBuildFile; fileRef = 01581E332A6FBE7B005DB0BA /* MapViewStat.swift */; };
		01C71A792A6E7D30000FD021 /* uberSwiftUIClone_1App.swift in Sources */ = {isa = PBXBuildFile; fileRef = 01C71A782A6E7D30000FD021 /* uberSwiftUIClone_1App.swift */; };
		01C71A7D2A6E7D32000FD021 /* Assets.xcassets in Resources */ = {isa = PBXBuildFile; fileRef = 01C71A7C2A6E7D32000FD021 /* Assets.xcassets */; };
		01C71A802A6E7D32000FD021 /* Preview Assets.xcassets in Resources */ = {isa = PBXBuildFile; fileRef = 01C71A7F2A6E7D32000FD021 /* Preview Assets.xcassets */; };
		01C71A8A2A6E7D32000FD021 /* uberSwiftUIClone_1Tests.swift in Sources */ = {isa = PBXBuildFile; fileRef = 01C71A892A6E7D32000FD021 /* uberSwiftUIClone_1Tests.swift */; };
		01C71A942A6E7D32000FD021 /* uberSwiftUIClone_1UITests.swift in Sources */ = {isa = PBXBuildFile; fileRef = 01C71A932A6E7D32000FD021 /* uberSwiftUIClone_1UITests.swift */; };
		01C71A962A6E7D32000FD021 /* uberSwiftUIClone_1UITestsLaunchTests.swift in Sources */ = {isa = PBXBuildFile; fileRef = 01C71A952A6E7D32000FD021 /* uberSwiftUIClone_1UITestsLaunchTests.swift */; };
		01C71AAE2A6E9CD3000FD021 /* HomeView.swift in Sources */ = {isa = PBXBuildFile; fileRef = 01C71AAD2A6E9CD3000FD021 /* HomeView.swift */; };
		01C71AB32A6E9CF8000FD021 /* MapView.swift in Sources */ = {isa = PBXBuildFile; fileRef = 01C71AB22A6E9CF8000FD021 /* MapView.swift */; };
		01C71AB62A6E9F07000FD021 /* LocationManager.swift in Sources */ = {isa = PBXBuildFile; fileRef = 01C71AB52A6E9F07000FD021 /* LocationManager.swift */; };
/* End PBXBuildFile section */

/* Begin PBXContainerItemProxy section */
		01C71A862A6E7D32000FD021 /* PBXContainerItemProxy */ = {
			isa = PBXContainerItemProxy;
			containerPortal = 01C71A6D2A6E7D30000FD021 /* Project object */;
			proxyType = 1;
			remoteGlobalIDString = 01C71A742A6E7D30000FD021;
			remoteInfo = "uberSwiftUIClone 1";
		};
		01C71A902A6E7D32000FD021 /* PBXContainerItemProxy */ = {
			isa = PBXContainerItemProxy;
			containerPortal = 01C71A6D2A6E7D30000FD021 /* Project object */;
			proxyType = 1;
			remoteGlobalIDString = 01C71A742A6E7D30000FD021;
			remoteInfo = "uberSwiftUIClone 1";
		};
/* End PBXContainerItemProxy section */

/* Begin PBXFileReference section */
		01581E232A6EBC9C005DB0BA /* LocationSearchArchvationView.swift */ = {isa = PBXFileReference; lastKnownFileType = sourcecode.swift; path = LocationSearchArchvationView.swift; sourceTree = "<group>"; };
		01581E272A6EBE23005DB0BA /* MapViewActionButton.swift */ = {isa = PBXFileReference; lastKnownFileType = sourcecode.swift; path = MapViewActionButton.swift; sourceTree = "<group>"; };
		01581E2A2A6EC031005DB0BA /* LocationSearchView.swift */ = {isa = PBXFileReference; lastKnownFileType = sourcecode.swift; path = LocationSearchView.swift; sourceTree = "<group>"; };
		01581E2E2A6EE461005DB0BA /* LocationSearchCell.swift */ = {isa = PBXFileReference; lastKnownFileType = sourcecode.swift; path = LocationSearchCell.swift; sourceTree = "<group>"; };
		01581E312A6EEA34005DB0BA /* LocationSearchViewModel.swift */ = {isa = PBXFileReference; lastKnownFileType = sourcecode.swift; path = LocationSearchViewModel.swift; sourceTree = "<group>"; };
		01581E332A6FBE7B005DB0BA /* MapViewStat.swift */ = {isa = PBXFileReference; lastKnownFileType = sourcecode.swift; path = MapViewStat.swift; sourceTree = "<group>"; };
		01C71A752A6E7D30000FD021 /* uberSwiftUIClone 1.app */ = {isa = PBXFileReference; explicitFileType = wrapper.application; includeInIndex = 0; path = "uberSwiftUIClone 1.app"; sourceTree = BUILT_PRODUCTS_DIR; };
		01C71A782A6E7D30000FD021 /* uberSwiftUIClone_1App.swift */ = {isa = PBXFileReference; lastKnownFileType = sourcecode.swift; path = uberSwiftUIClone_1App.swift; sourceTree = "<group>"; };
		01C71A7C2A6E7D32000FD021 /* Assets.xcassets */ = {isa = PBXFileReference; lastKnownFileType = folder.assetcatalog; path = Assets.xcassets; sourceTree = "<group>"; };
		01C71A7F2A6E7D32000FD021 /* Preview Assets.xcassets */ = {isa = PBXFileReference; lastKnownFileType = folder.assetcatalog; path = "Preview Assets.xcassets"; sourceTree = "<group>"; };
		01C71A852A6E7D32000FD021 /* uberSwiftUIClone 1Tests.xctest */ = {isa = PBXFileReference; explicitFileType = wrapper.cfbundle; includeInIndex = 0; path = "uberSwiftUIClone 1Tests.xctest"; sourceTree = BUILT_PRODUCTS_DIR; };
		01C71A892A6E7D32000FD021 /* uberSwiftUIClone_1Tests.swift */ = {isa = PBXFileReference; lastKnownFileType = sourcecode.swift; path = uberSwiftUIClone_1Tests.swift; sourceTree = "<group>"; };
		01C71A8F2A6E7D32000FD021 /* uberSwiftUIClone 1UITests.xctest */ = {isa = PBXFileReference; explicitFileType = wrapper.cfbundle; includeInIndex = 0; path = "uberSwiftUIClone 1UITests.xctest"; sourceTree = BUILT_PRODUCTS_DIR; };
		01C71A932A6E7D32000FD021 /* uberSwiftUIClone_1UITests.swift */ = {isa = PBXFileReference; lastKnownFileType = sourcecode.swift; path = uberSwiftUIClone_1UITests.swift; sourceTree = "<group>"; };
		01C71A952A6E7D32000FD021 /* uberSwiftUIClone_1UITestsLaunchTests.swift */ = {isa = PBXFileReference; lastKnownFileType = sourcecode.swift; path = uberSwiftUIClone_1UITestsLaunchTests.swift; sourceTree = "<group>"; };
		01C71AAD2A6E9CD3000FD021 /* HomeView.swift */ = {isa = PBXFileReference; lastKnownFileType = sourcecode.swift; path = HomeView.swift; sourceTree = "<group>"; };
		01C71AB22A6E9CF8000FD021 /* MapView.swift */ = {isa = PBXFileReference; lastKnownFileType = sourcecode.swift; path = MapView.swift; sourceTree = "<group>"; };
		01C71AB52A6E9F07000FD021 /* LocationManager.swift */ = {isa = PBXFileReference; lastKnownFileType = sourcecode.swift; path = LocationManager.swift; sourceTree = "<group>"; };
		01C71AB72A6EA03F000FD021 /* uberSwiftUIClone-1-Info.plist */ = {isa = PBXFileReference; lastKnownFileType = text.plist; path = "uberSwiftUIClone-1-Info.plist"; sourceTree = SOURCE_ROOT; };
/* End PBXFileReference section */

/* Begin PBXFrameworksBuildPhase section */
		01C71A722A6E7D30000FD021 /* Frameworks */ = {
			isa = PBXFrameworksBuildPhase;
			buildActionMask = 2147483647;
			files = (
			);
			runOnlyForDeploymentPostprocessing = 0;
		};
		01C71A822A6E7D32000FD021 /* Frameworks */ = {
			isa = PBXFrameworksBuildPhase;
			buildActionMask = 2147483647;
			files = (
			);
			runOnlyForDeploymentPostprocessing = 0;
		};
		01C71A8C2A6E7D32000FD021 /* Frameworks */ = {
			isa = PBXFrameworksBuildPhase;
			buildActionMask = 2147483647;
			files = (
			);
			runOnlyForDeploymentPostprocessing = 0;
		};
/* End PBXFrameworksBuildPhase section */

/* Begin PBXGroup section */
		01581E1E2A6EBC51005DB0BA /* Home */ = {
			isa = PBXGroup;
			children = (
				01C71AAB2A6E9CC3000FD021 /* ViewModel */,
				01C71AAA2A6E9CC0000FD021 /* View */,
			);
			path = Home;
			sourceTree = "<group>";
		};
		01581E1F2A6EBC61005DB0BA /* LocationSearch */ = {
			isa = PBXGroup;
			children = (
				01581E212A6EBC75005DB0BA /* ViewModel */,
				01581E202A6EBC71005DB0BA /* View */,
			);
			path = LocationSearch;
			sourceTree = "<group>";
		};
		01581E202A6EBC71005DB0BA /* View */ = {
			isa = PBXGroup;
			children = (
				01581E292A6EC026005DB0BA /* LocationSearchView */,
				01581E222A6EBC95005DB0BA /* LocationSearchArchvationView */,
			);
			path = View;
			sourceTree = "<group>";
		};
		01581E212A6EBC75005DB0BA /* ViewModel */ = {
			isa = PBXGroup;
			children = (
				01581E312A6EEA34005DB0BA /* LocationSearchViewModel.swift */,
			);
			path = ViewModel;
			sourceTree = "<group>";
		};
		01581E222A6EBC95005DB0BA /* LocationSearchArchvationView */ = {
			isa = PBXGroup;
			children = (
				01581E232A6EBC9C005DB0BA /* LocationSearchArchvationView.swift */,
			);
			path = LocationSearchArchvationView;
			sourceTree = "<group>";
		};
		01581E252A6EBE14005DB0BA /* MapViewActionButton */ = {
			isa = PBXGroup;
			children = (
				01581E272A6EBE23005DB0BA /* MapViewActionButton.swift */,
			);
			path = MapViewActionButton;
			sourceTree = "<group>";
		};
		01581E292A6EC026005DB0BA /* LocationSearchView */ = {
			isa = PBXGroup;
			children = (
				01581E2A2A6EC031005DB0BA /* LocationSearchView.swift */,
				01581E2E2A6EE461005DB0BA /* LocationSearchCell.swift */,
			);
			path = LocationSearchView;
			sourceTree = "<group>";
		};
		01C71A6C2A6E7D30000FD021 = {
			isa = PBXGroup;
			children = (
				01C71A772A6E7D30000FD021 /* uberSwiftUIClone 1 */,
				01C71A882A6E7D32000FD021 /* uberSwiftUIClone 1Tests */,
				01C71A922A6E7D32000FD021 /* uberSwiftUIClone 1UITests */,
				01C71A762A6E7D30000FD021 /* Products */,
			);
			sourceTree = "<group>";
		};
		01C71A762A6E7D30000FD021 /* Products */ = {
			isa = PBXGroup;
			children = (
				01C71A752A6E7D30000FD021 /* uberSwiftUIClone 1.app */,
				01C71A852A6E7D32000FD021 /* uberSwiftUIClone 1Tests.xctest */,
				01C71A8F2A6E7D32000FD021 /* uberSwiftUIClone 1UITests.xctest */,
			);
			name = Products;
			sourceTree = "<group>";
		};
		01C71A772A6E7D30000FD021 /* uberSwiftUIClone 1 */ = {
			isa = PBXGroup;
			children = (
				01C71AB72A6EA03F000FD021 /* uberSwiftUIClone-1-Info.plist */,
				01C71AA62A6E7D6D000FD021 /* Models */,
				01C71AA52A6E7D68000FD021 /* Managers */,
				01C71AA42A6E7D5C000FD021 /* Extentions */,
				01C71AA32A6E7D56000FD021 /* Core */,
				01C71AA22A6E7D52000FD021 /* App */,
				01C71A782A6E7D30000FD021 /* uberSwiftUIClone_1App.swift */,
				01C71A7C2A6E7D32000FD021 /* Assets.xcassets */,
				01C71A7E2A6E7D32000FD021 /* Preview Content */,
			);
			path = "uberSwiftUIClone 1";
			sourceTree = "<group>";
		};
		01C71A7E2A6E7D32000FD021 /* Preview Content */ = {
			isa = PBXGroup;
			children = (
				01C71A7F2A6E7D32000FD021 /* Preview Assets.xcassets */,
			);
			path = "Preview Content";
			sourceTree = "<group>";
		};
		01C71A882A6E7D32000FD021 /* uberSwiftUIClone 1Tests */ = {
			isa = PBXGroup;
			children = (
				01C71A892A6E7D32000FD021 /* uberSwiftUIClone_1Tests.swift */,
			);
			path = "uberSwiftUIClone 1Tests";
			sourceTree = "<group>";
		};
		01C71A922A6E7D32000FD021 /* uberSwiftUIClone 1UITests */ = {
			isa = PBXGroup;
			children = (
				01C71A932A6E7D32000FD021 /* uberSwiftUIClone_1UITests.swift */,
				01C71A952A6E7D32000FD021 /* uberSwiftUIClone_1UITestsLaunchTests.swift */,
			);
			path = "uberSwiftUIClone 1UITests";
			sourceTree = "<group>";
		};
		01C71AA22A6E7D52000FD021 /* App */ = {
			isa = PBXGroup;
			children = (
			);
			path = App;
			sourceTree = "<group>";
		};
		01C71AA32A6E7D56000FD021 /* Core */ = {
			isa = PBXGroup;
			children = (
				01581E1F2A6EBC61005DB0BA /* LocationSearch */,
				01581E1E2A6EBC51005DB0BA /* Home */,
			);
			path = Core;
			sourceTree = "<group>";
		};
		01C71AA42A6E7D5C000FD021 /* Extentions */ = {
			isa = PBXGroup;
			children = (
			);
			path = Extentions;
			sourceTree = "<group>";
		};
		01C71AA52A6E7D68000FD021 /* Managers */ = {
			isa = PBXGroup;
			children = (
				01C71AB42A6E9EFC000FD021 /* LocationManager */,
			);
			path = Managers;
			sourceTree = "<group>";
		};
		01C71AA62A6E7D6D000FD021 /* Models */ = {
			isa = PBXGroup;
			children = (
				01581E332A6FBE7B005DB0BA /* MapViewStat.swift */,
			);
			path = Models;
			sourceTree = "<group>";
		};
		01C71AAA2A6E9CC0000FD021 /* View */ = {
			isa = PBXGroup;
			children = (
				01581E252A6EBE14005DB0BA /* MapViewActionButton */,
				01C71AAF2A6E9CE9000FD021 /* MapView */,
				01C71AAC2A6E9CCA000FD021 /* HomeView */,
			);
			path = View;
			sourceTree = "<group>";
		};
		01C71AAB2A6E9CC3000FD021 /* ViewModel */ = {
			isa = PBXGroup;
			children = (
			);
			path = ViewModel;
			sourceTree = "<group>";
		};
		01C71AAC2A6E9CCA000FD021 /* HomeView */ = {
			isa = PBXGroup;
			children = (
				01C71AAD2A6E9CD3000FD021 /* HomeView.swift */,
			);
			path = HomeView;
			sourceTree = "<group>";
		};
		01C71AAF2A6E9CE9000FD021 /* MapView */ = {
			isa = PBXGroup;
			children = (
				01C71AB22A6E9CF8000FD021 /* MapView.swift */,
			);
			path = MapView;
			sourceTree = "<group>";
		};
		01C71AB42A6E9EFC000FD021 /* LocationManager */ = {
			isa = PBXGroup;
			children = (
				01C71AB52A6E9F07000FD021 /* LocationManager.swift */,
			);
			path = LocationManager;
			sourceTree = "<group>";
		};
/* End PBXGroup section */

/* Begin PBXNativeTarget section */
		01C71A742A6E7D30000FD021 /* uberSwiftUIClone 1 */ = {
			isa = PBXNativeTarget;
			buildConfigurationList = 01C71A992A6E7D32000FD021 /* Build configuration list for PBXNativeTarget "uberSwiftUIClone 1" */;
			buildPhases = (
				01C71A712A6E7D30000FD021 /* Sources */,
				01C71A722A6E7D30000FD021 /* Frameworks */,
				01C71A732A6E7D30000FD021 /* Resources */,
			);
			buildRules = (
			);
			dependencies = (
			);
			name = "uberSwiftUIClone 1";
			productName = "uberSwiftUIClone 1";
			productReference = 01C71A752A6E7D30000FD021 /* uberSwiftUIClone 1.app */;
			productType = "com.apple.product-type.application";
		};
		01C71A842A6E7D32000FD021 /* uberSwiftUIClone 1Tests */ = {
			isa = PBXNativeTarget;
			buildConfigurationList = 01C71A9C2A6E7D32000FD021 /* Build configuration list for PBXNativeTarget "uberSwiftUIClone 1Tests" */;
			buildPhases = (
				01C71A812A6E7D32000FD021 /* Sources */,
				01C71A822A6E7D32000FD021 /* Frameworks */,
				01C71A832A6E7D32000FD021 /* Resources */,
			);
			buildRules = (
			);
			dependencies = (
				01C71A872A6E7D32000FD021 /* PBXTargetDependency */,
			);
			name = "uberSwiftUIClone 1Tests";
			productName = "uberSwiftUIClone 1Tests";
			productReference = 01C71A852A6E7D32000FD021 /* uberSwiftUIClone 1Tests.xctest */;
			productType = "com.apple.product-type.bundle.unit-test";
		};
		01C71A8E2A6E7D32000FD021 /* uberSwiftUIClone 1UITests */ = {
			isa = PBXNativeTarget;
			buildConfigurationList = 01C71A9F2A6E7D32000FD021 /* Build configuration list for PBXNativeTarget "uberSwiftUIClone 1UITests" */;
			buildPhases = (
				01C71A8B2A6E7D32000FD021 /* Sources */,
				01C71A8C2A6E7D32000FD021 /* Frameworks */,
				01C71A8D2A6E7D32000FD021 /* Resources */,
			);
			buildRules = (
			);
			dependencies = (
				01C71A912A6E7D32000FD021 /* PBXTargetDependency */,
			);
			name = "uberSwiftUIClone 1UITests";
			productName = "uberSwiftUIClone 1UITests";
			productReference = 01C71A8F2A6E7D32000FD021 /* uberSwiftUIClone 1UITests.xctest */;
			productType = "com.apple.product-type.bundle.ui-testing";
		};
/* End PBXNativeTarget section */

/* Begin PBXProject section */
		01C71A6D2A6E7D30000FD021 /* Project object */ = {
			isa = PBXProject;
			attributes = {
				BuildIndependentTargetsInParallel = 1;
				LastSwiftUpdateCheck = 1430;
				LastUpgradeCheck = 1430;
				TargetAttributes = {
					01C71A742A6E7D30000FD021 = {
						CreatedOnToolsVersion = 14.3;
					};
					01C71A842A6E7D32000FD021 = {
						CreatedOnToolsVersion = 14.3;
						TestTargetID = 01C71A742A6E7D30000FD021;
					};
					01C71A8E2A6E7D32000FD021 = {
						CreatedOnToolsVersion = 14.3;
						TestTargetID = 01C71A742A6E7D30000FD021;
					};
				};
			};
			buildConfigurationList = 01C71A702A6E7D30000FD021 /* Build configuration list for PBXProject "uberSwiftUIClone 1" */;
			compatibilityVersion = "Xcode 14.0";
			developmentRegion = en;
			hasScannedForEncodings = 0;
			knownRegions = (
				en,
				Base,
			);
			mainGroup = 01C71A6C2A6E7D30000FD021;
			productRefGroup = 01C71A762A6E7D30000FD021 /* Products */;
			projectDirPath = "";
			projectRoot = "";
			targets = (
				01C71A742A6E7D30000FD021 /* uberSwiftUIClone 1 */,
				01C71A842A6E7D32000FD021 /* uberSwiftUIClone 1Tests */,
				01C71A8E2A6E7D32000FD021 /* uberSwiftUIClone 1UITests */,
			);
		};
/* End PBXProject section */

/* Begin PBXResourcesBuildPhase section */
		01C71A732A6E7D30000FD021 /* Resources */ = {
			isa = PBXResourcesBuildPhase;
			buildActionMask = 2147483647;
			files = (
				01C71A802A6E7D32000FD021 /* Preview Assets.xcassets in Resources */,
				01C71A7D2A6E7D32000FD021 /* Assets.xcassets in Resources */,
			);
			runOnlyForDeploymentPostprocessing = 0;
		};
		01C71A832A6E7D32000FD021 /* Resources */ = {
			isa = PBXResourcesBuildPhase;
			buildActionMask = 2147483647;
			files = (
			);
			runOnlyForDeploymentPostprocessing = 0;
		};
		01C71A8D2A6E7D32000FD021 /* Resources */ = {
			isa = PBXResourcesBuildPhase;
			buildActionMask = 2147483647;
			files = (
			);
			runOnlyForDeploymentPostprocessing = 0;
		};
/* End PBXResourcesBuildPhase section */

/* Begin PBXSourcesBuildPhase section */
		01C71A712A6E7D30000FD021 /* Sources */ = {
			isa = PBXSourcesBuildPhase;
			buildActionMask = 2147483647;
			files = (
				01581E322A6EEA34005DB0BA /* LocationSearchViewModel.swift in Sources */,
				01581E2B2A6EC031005DB0BA /* LocationSearchView.swift in Sources */,
				01581E242A6EBC9C005DB0BA /* LocationSearchArchvationView.swift in Sources */,
				01581E2F2A6EE461005DB0BA /* LocationSearchCell.swift in Sources */,
				01581E282A6EBE23005DB0BA /* MapViewActionButton.swift in Sources */,
				01C71AB62A6E9F07000FD021 /* LocationManager.swift in Sources */,
				01C71AAE2A6E9CD3000FD021 /* HomeView.swift in Sources */,
				01C71AB32A6E9CF8000FD021 /* MapView.swift in Sources */,
				01C71A792A6E7D30000FD021 /* uberSwiftUIClone_1App.swift in Sources */,
				01581E342A6FBE7B005DB0BA /* MapViewStat.swift in Sources */,
			);
			runOnlyForDeploymentPostprocessing = 0;
		};
		01C71A812A6E7D32000FD021 /* Sources */ = {
			isa = PBXSourcesBuildPhase;
			buildActionMask = 2147483647;
			files = (
				01C71A8A2A6E7D32000FD021 /* uberSwiftUIClone_1Tests.swift in Sources */,
			);
			runOnlyForDeploymentPostprocessing = 0;
		};
		01C71A8B2A6E7D32000FD021 /* Sources */ = {
			isa = PBXSourcesBuildPhase;
			buildActionMask = 2147483647;
			files = (
				01C71A962A6E7D32000FD021 /* uberSwiftUIClone_1UITestsLaunchTests.swift in Sources */,
				01C71A942A6E7D32000FD021 /* uberSwiftUIClone_1UITests.swift in Sources */,
			);
			runOnlyForDeploymentPostprocessing = 0;
		};
/* End PBXSourcesBuildPhase section */

/* Begin PBXTargetDependency section */
		01C71A872A6E7D32000FD021 /* PBXTargetDependency */ = {
			isa = PBXTargetDependency;
			target = 01C71A742A6E7D30000FD021 /* uberSwiftUIClone 1 */;
			targetProxy = 01C71A862A6E7D32000FD021 /* PBXContainerItemProxy */;
		};
		01C71A912A6E7D32000FD021 /* PBXTargetDependency */ = {
			isa = PBXTargetDependency;
			target = 01C71A742A6E7D30000FD021 /* uberSwiftUIClone 1 */;
			targetProxy = 01C71A902A6E7D32000FD021 /* PBXContainerItemProxy */;
		};
/* End PBXTargetDependency section */

/* Begin XCBuildConfiguration section */
		01C71A972A6E7D32000FD021 /* Debug */ = {
			isa = XCBuildConfiguration;
			buildSettings = {
				ALWAYS_SEARCH_USER_PATHS = NO;
				CLANG_ANALYZER_NONNULL = YES;
				CLANG_ANALYZER_NUMBER_OBJECT_CONVERSION = YES_AGGRESSIVE;
				CLANG_CXX_LANGUAGE_STANDARD = "gnu++20";
				CLANG_ENABLE_MODULES = YES;
				CLANG_ENABLE_OBJC_ARC = YES;
				CLANG_ENABLE_OBJC_WEAK = YES;
				CLANG_WARN_BLOCK_CAPTURE_AUTORELEASING = YES;
				CLANG_WARN_BOOL_CONVERSION = YES;
				CLANG_WARN_COMMA = YES;
				CLANG_WARN_CONSTANT_CONVERSION = YES;
				CLANG_WARN_DEPRECATED_OBJC_IMPLEMENTATIONS = YES;
				CLANG_WARN_DIRECT_OBJC_ISA_USAGE = YES_ERROR;
				CLANG_WARN_DOCUMENTATION_COMMENTS = YES;
				CLANG_WARN_EMPTY_BODY = YES;
				CLANG_WARN_ENUM_CONVERSION = YES;
				CLANG_WARN_INFINITE_RECURSION = YES;
				CLANG_WARN_INT_CONVERSION = YES;
				CLANG_WARN_NON_LITERAL_NULL_CONVERSION = YES;
				CLANG_WARN_OBJC_IMPLICIT_RETAIN_SELF = YES;
				CLANG_WARN_OBJC_LITERAL_CONVERSION = YES;
				CLANG_WARN_OBJC_ROOT_CLASS = YES_ERROR;
				CLANG_WARN_QUOTED_INCLUDE_IN_FRAMEWORK_HEADER = YES;
				CLANG_WARN_RANGE_LOOP_ANALYSIS = YES;
				CLANG_WARN_STRICT_PROTOTYPES = YES;
				CLANG_WARN_SUSPICIOUS_MOVE = YES;
				CLANG_WARN_UNGUARDED_AVAILABILITY = YES_AGGRESSIVE;
				CLANG_WARN_UNREACHABLE_CODE = YES;
				CLANG_WARN__DUPLICATE_METHOD_MATCH = YES;
				COPY_PHASE_STRIP = NO;
				DEBUG_INFORMATION_FORMAT = dwarf;
				ENABLE_STRICT_OBJC_MSGSEND = YES;
				ENABLE_TESTABILITY = YES;
				GCC_C_LANGUAGE_STANDARD = gnu11;
				GCC_DYNAMIC_NO_PIC = NO;
				GCC_NO_COMMON_BLOCKS = YES;
				GCC_OPTIMIZATION_LEVEL = 0;
				GCC_PREPROCESSOR_DEFINITIONS = (
					"DEBUG=1",
					"$(inherited)",
				);
				GCC_WARN_64_TO_32_BIT_CONVERSION = YES;
				GCC_WARN_ABOUT_RETURN_TYPE = YES_ERROR;
				GCC_WARN_UNDECLARED_SELECTOR = YES;
				GCC_WARN_UNINITIALIZED_AUTOS = YES_AGGRESSIVE;
				GCC_WARN_UNUSED_FUNCTION = YES;
				GCC_WARN_UNUSED_VARIABLE = YES;
				IPHONEOS_DEPLOYMENT_TARGET = 16.1;
				MTL_ENABLE_DEBUG_INFO = INCLUDE_SOURCE;
				MTL_FAST_MATH = YES;
				ONLY_ACTIVE_ARCH = YES;
				SDKROOT = iphoneos;
				SWIFT_ACTIVE_COMPILATION_CONDITIONS = DEBUG;
				SWIFT_OPTIMIZATION_LEVEL = "-Onone";
			};
			name = Debug;
		};
		01C71A982A6E7D32000FD021 /* Release */ = {
			isa = XCBuildConfiguration;
			buildSettings = {
				ALWAYS_SEARCH_USER_PATHS = NO;
				CLANG_ANALYZER_NONNULL = YES;
				CLANG_ANALYZER_NUMBER_OBJECT_CONVERSION = YES_AGGRESSIVE;
				CLANG_CXX_LANGUAGE_STANDARD = "gnu++20";
				CLANG_ENABLE_MODULES = YES;
				CLANG_ENABLE_OBJC_ARC = YES;
				CLANG_ENABLE_OBJC_WEAK = YES;
				CLANG_WARN_BLOCK_CAPTURE_AUTORELEASING = YES;
				CLANG_WARN_BOOL_CONVERSION = YES;
				CLANG_WARN_COMMA = YES;
				CLANG_WARN_CONSTANT_CONVERSION = YES;
				CLANG_WARN_DEPRECATED_OBJC_IMPLEMENTATIONS = YES;
				CLANG_WARN_DIRECT_OBJC_ISA_USAGE = YES_ERROR;
				CLANG_WARN_DOCUMENTATION_COMMENTS = YES;
				CLANG_WARN_EMPTY_BODY = YES;
				CLANG_WARN_ENUM_CONVERSION = YES;
				CLANG_WARN_INFINITE_RECURSION = YES;
				CLANG_WARN_INT_CONVERSION = YES;
				CLANG_WARN_NON_LITERAL_NULL_CONVERSION = YES;
				CLANG_WARN_OBJC_IMPLICIT_RETAIN_SELF = YES;
				CLANG_WARN_OBJC_LITERAL_CONVERSION = YES;
				CLANG_WARN_OBJC_ROOT_CLASS = YES_ERROR;
				CLANG_WARN_QUOTED_INCLUDE_IN_FRAMEWORK_HEADER = YES;
				CLANG_WARN_RANGE_LOOP_ANALYSIS = YES;
				CLANG_WARN_STRICT_PROTOTYPES = YES;
				CLANG_WARN_SUSPICIOUS_MOVE = YES;
				CLANG_WARN_UNGUARDED_AVAILABILITY = YES_AGGRESSIVE;
				CLANG_WARN_UNREACHABLE_CODE = YES;
				CLANG_WARN__DUPLICATE_METHOD_MATCH = YES;
				COPY_PHASE_STRIP = NO;
				DEBUG_INFORMATION_FORMAT = "dwarf-with-dsym";
				ENABLE_NS_ASSERTIONS = NO;
				ENABLE_STRICT_OBJC_MSGSEND = YES;
				GCC_C_LANGUAGE_STANDARD = gnu11;
				GCC_NO_COMMON_BLOCKS = YES;
				GCC_WARN_64_TO_32_BIT_CONVERSION = YES;
				GCC_WARN_ABOUT_RETURN_TYPE = YES_ERROR;
				GCC_WARN_UNDECLARED_SELECTOR = YES;
				GCC_WARN_UNINITIALIZED_AUTOS = YES_AGGRESSIVE;
				GCC_WARN_UNUSED_FUNCTION = YES;
				GCC_WARN_UNUSED_VARIABLE = YES;
				IPHONEOS_DEPLOYMENT_TARGET = 16.1;
				MTL_ENABLE_DEBUG_INFO = NO;
				MTL_FAST_MATH = YES;
				SDKROOT = iphoneos;
				SWIFT_COMPILATION_MODE = wholemodule;
				SWIFT_OPTIMIZATION_LEVEL = "-O";
				VALIDATE_PRODUCT = YES;
			};
			name = Release;
		};
		01C71A9A2A6E7D32000FD021 /* Debug */ = {
			isa = XCBuildConfiguration;
			buildSettings = {
				ASSETCATALOG_COMPILER_APPICON_NAME = AppIcon;
				ASSETCATALOG_COMPILER_GLOBAL_ACCENT_COLOR_NAME = AccentColor;
				CODE_SIGN_STYLE = Automatic;
				CURRENT_PROJECT_VERSION = 1;
				DEVELOPMENT_ASSET_PATHS = "\"uberSwiftUIClone 1/Preview Content\"";
				DEVELOPMENT_TEAM = J6CR3N3ZH6;
				ENABLE_PREVIEWS = YES;
				GENERATE_INFOPLIST_FILE = YES;
				INFOPLIST_FILE = "uberSwiftUIClone-1-Info.plist";
				INFOPLIST_KEY_NSLocationWhenInUseUsageDescription = "activez votre localisation pour vous trouver";
				INFOPLIST_KEY_UIApplicationSceneManifest_Generation = YES;
				INFOPLIST_KEY_UIApplicationSupportsIndirectInputEvents = YES;
				INFOPLIST_KEY_UILaunchScreen_Generation = YES;
				INFOPLIST_KEY_UISupportedInterfaceOrientations_iPad = "UIInterfaceOrientationPortrait UIInterfaceOrientationPortraitUpsideDown UIInterfaceOrientationLandscapeLeft UIInterfaceOrientationLandscapeRight";
				INFOPLIST_KEY_UISupportedInterfaceOrientations_iPhone = "UIInterfaceOrientationPortrait UIInterfaceOrientationLandscapeLeft UIInterfaceOrientationLandscapeRight";
				LD_RUNPATH_SEARCH_PATHS = (
					"$(inherited)",
					"@executable_path/Frameworks",
				);
				MARKETING_VERSION = 1.0;
				PRODUCT_BUNDLE_IDENTIFIER = "Lachkar.Zakaria.uberSwiftUIClone-1";
				PRODUCT_NAME = "$(TARGET_NAME)";
				SWIFT_EMIT_LOC_STRINGS = YES;
				SWIFT_VERSION = 5.0;
				TARGETED_DEVICE_FAMILY = "1,2";
			};
			name = Debug;
		};
		01C71A9B2A6E7D32000FD021 /* Release */ = {
			isa = XCBuildConfiguration;
			buildSettings = {
				ASSETCATALOG_COMPILER_APPICON_NAME = AppIcon;
				ASSETCATALOG_COMPILER_GLOBAL_ACCENT_COLOR_NAME = AccentColor;
				CODE_SIGN_STYLE = Automatic;
				CURRENT_PROJECT_VERSION = 1;
				DEVELOPMENT_ASSET_PATHS = "\"uberSwiftUIClone 1/Preview Content\"";
				DEVELOPMENT_TEAM = J6CR3N3ZH6;
				ENABLE_PREVIEWS = YES;
				GENERATE_INFOPLIST_FILE = YES;
				INFOPLIST_FILE = "uberSwiftUIClone-1-Info.plist";
				INFOPLIST_KEY_NSLocationWhenInUseUsageDescription = "activez votre localisation pour vous trouver";
				INFOPLIST_KEY_UIApplicationSceneManifest_Generation = YES;
				INFOPLIST_KEY_UIApplicationSupportsIndirectInputEvents = YES;
				INFOPLIST_KEY_UILaunchScreen_Generation = YES;
				INFOPLIST_KEY_UISupportedInterfaceOrientations_iPad = "UIInterfaceOrientationPortrait UIInterfaceOrientationPortraitUpsideDown UIInterfaceOrientationLandscapeLeft UIInterfaceOrientationLandscapeRight";
				INFOPLIST_KEY_UISupportedInterfaceOrientations_iPhone = "UIInterfaceOrientationPortrait UIInterfaceOrientationLandscapeLeft UIInterfaceOrientationLandscapeRight";
				LD_RUNPATH_SEARCH_PATHS = (
					"$(inherited)",
					"@executable_path/Frameworks",
				);
				MARKETING_VERSION = 1.0;
				PRODUCT_BUNDLE_IDENTIFIER = "Lachkar.Zakaria.uberSwiftUIClone-1";
				PRODUCT_NAME = "$(TARGET_NAME)";
				SWIFT_EMIT_LOC_STRINGS = YES;
				SWIFT_VERSION = 5.0;
				TARGETED_DEVICE_FAMILY = "1,2";
			};
			name = Release;
		};
		01C71A9D2A6E7D32000FD021 /* Debug */ = {
			isa = XCBuildConfiguration;
			buildSettings = {
				ALWAYS_EMBED_SWIFT_STANDARD_LIBRARIES = YES;
				BUNDLE_LOADER = "$(TEST_HOST)";
				CODE_SIGN_STYLE = Automatic;
				CURRENT_PROJECT_VERSION = 1;
				DEVELOPMENT_TEAM = J6CR3N3ZH6;
				GENERATE_INFOPLIST_FILE = YES;
				IPHONEOS_DEPLOYMENT_TARGET = 16.4;
				MARKETING_VERSION = 1.0;
				PRODUCT_BUNDLE_IDENTIFIER = "Lachkar.Zakaria.uberSwiftUIClone-1Tests";
				PRODUCT_NAME = "$(TARGET_NAME)";
				SWIFT_EMIT_LOC_STRINGS = NO;
				SWIFT_VERSION = 5.0;
				TARGETED_DEVICE_FAMILY = "1,2";
				TEST_HOST = "$(BUILT_PRODUCTS_DIR)/uberSwiftUIClone 1.app/$(BUNDLE_EXECUTABLE_FOLDER_PATH)/uberSwiftUIClone 1";
			};
			name = Debug;
		};
		01C71A9E2A6E7D32000FD021 /* Release */ = {
			isa = XCBuildConfiguration;
			buildSettings = {
				ALWAYS_EMBED_SWIFT_STANDARD_LIBRARIES = YES;
				BUNDLE_LOADER = "$(TEST_HOST)";
				CODE_SIGN_STYLE = Automatic;
				CURRENT_PROJECT_VERSION = 1;
				DEVELOPMENT_TEAM = J6CR3N3ZH6;
				GENERATE_INFOPLIST_FILE = YES;
				IPHONEOS_DEPLOYMENT_TARGET = 16.4;
				MARKETING_VERSION = 1.0;
				PRODUCT_BUNDLE_IDENTIFIER = "Lachkar.Zakaria.uberSwiftUIClone-1Tests";
				PRODUCT_NAME = "$(TARGET_NAME)";
				SWIFT_EMIT_LOC_STRINGS = NO;
				SWIFT_VERSION = 5.0;
				TARGETED_DEVICE_FAMILY = "1,2";
				TEST_HOST = "$(BUILT_PRODUCTS_DIR)/uberSwiftUIClone 1.app/$(BUNDLE_EXECUTABLE_FOLDER_PATH)/uberSwiftUIClone 1";
			};
			name = Release;
		};
		01C71AA02A6E7D32000FD021 /* Debug */ = {
			isa = XCBuildConfiguration;
			buildSettings = {
				ALWAYS_EMBED_SWIFT_STANDARD_LIBRARIES = YES;
				CODE_SIGN_STYLE = Automatic;
				CURRENT_PROJECT_VERSION = 1;
				DEVELOPMENT_TEAM = J6CR3N3ZH6;
				GENERATE_INFOPLIST_FILE = YES;
				MARKETING_VERSION = 1.0;
				PRODUCT_BUNDLE_IDENTIFIER = "Lachkar.Zakaria.uberSwiftUIClone-1UITests";
				PRODUCT_NAME = "$(TARGET_NAME)";
				SWIFT_EMIT_LOC_STRINGS = NO;
				SWIFT_VERSION = 5.0;
				TARGETED_DEVICE_FAMILY = "1,2";
				TEST_TARGET_NAME = "uberSwiftUIClone 1";
			};
			name = Debug;
		};
		01C71AA12A6E7D32000FD021 /* Release */ = {
			isa = XCBuildConfiguration;
			buildSettings = {
				ALWAYS_EMBED_SWIFT_STANDARD_LIBRARIES = YES;
				CODE_SIGN_STYLE = Automatic;
				CURRENT_PROJECT_VERSION = 1;
				DEVELOPMENT_TEAM = J6CR3N3ZH6;
				GENERATE_INFOPLIST_FILE = YES;
				MARKETING_VERSION = 1.0;
				PRODUCT_BUNDLE_IDENTIFIER = "Lachkar.Zakaria.uberSwiftUIClone-1UITests";
				PRODUCT_NAME = "$(TARGET_NAME)";
				SWIFT_EMIT_LOC_STRINGS = NO;
				SWIFT_VERSION = 5.0;
				TARGETED_DEVICE_FAMILY = "1,2";
				TEST_TARGET_NAME = "uberSwiftUIClone 1";
			};
			name = Release;
		};
/* End XCBuildConfiguration section */

/* Begin XCConfigurationList section */
		01C71A702A6E7D30000FD021 /* Build configuration list for PBXProject "uberSwiftUIClone 1" */ = {
			isa = XCConfigurationList;
			buildConfigurations = (
				01C71A972A6E7D32000FD021 /* Debug */,
				01C71A982A6E7D32000FD021 /* Release */,
			);
			defaultConfigurationIsVisible = 0;
			defaultConfigurationName = Release;
		};
		01C71A992A6E7D32000FD021 /* Build configuration list for PBXNativeTarget "uberSwiftUIClone 1" */ = {
			isa = XCConfigurationList;
			buildConfigurations = (
				01C71A9A2A6E7D32000FD021 /* Debug */,
				01C71A9B2A6E7D32000FD021 /* Release */,
			);
			defaultConfigurationIsVisible = 0;
			defaultConfigurationName = Release;
		};
		01C71A9C2A6E7D32000FD021 /* Build configuration list for PBXNativeTarget "uberSwiftUIClone 1Tests" */ = {
			isa = XCConfigurationList;
			buildConfigurations = (
				01C71A9D2A6E7D32000FD021 /* Debug */,
				01C71A9E2A6E7D32000FD021 /* Release */,
			);
			defaultConfigurationIsVisible = 0;
			defaultConfigurationName = Release;
		};
		01C71A9F2A6E7D32000FD021 /* Build configuration list for PBXNativeTarget "uberSwiftUIClone 1UITests" */ = {
			isa = XCConfigurationList;
			buildConfigurations = (
				01C71AA02A6E7D32000FD021 /* Debug */,
				01C71AA12A6E7D32000FD021 /* Release */,
			);
			defaultConfigurationIsVisible = 0;
			defaultConfigurationName = Release;
		};
/* End XCConfigurationList section */
	};
	rootObject = 01C71A6D2A6E7D30000FD021 /* Project object */;
}
